// !$*UTF8*$!
{
	archiveVersion = 1;
	classes = {
	};
	objectVersion = 48;
	objects = {

/* Begin PBXBuildFile section */
		7A18BD9720B8A35A00F8D69D /* AppDelegate.swift in Sources */ = {isa = PBXBuildFile; fileRef = 7A18BD9620B8A35A00F8D69D /* AppDelegate.swift */; };
		7A18BD9920B8A35A00F8D69D /* ViewController.swift in Sources */ = {isa = PBXBuildFile; fileRef = 7A18BD9820B8A35A00F8D69D /* ViewController.swift */; };
		7A18BD9C20B8A35A00F8D69D /* Main.storyboard in Resources */ = {isa = PBXBuildFile; fileRef = 7A18BD9A20B8A35A00F8D69D /* Main.storyboard */; };
		7A18BD9E20B8A35A00F8D69D /* Assets.xcassets in Resources */ = {isa = PBXBuildFile; fileRef = 7A18BD9D20B8A35A00F8D69D /* Assets.xcassets */; };
		7A18BDA120B8A35A00F8D69D /* LaunchScreen.storyboard in Resources */ = {isa = PBXBuildFile; fileRef = 7A18BD9F20B8A35A00F8D69D /* LaunchScreen.storyboard */; };
		7A18BDBD20B8A86600F8D69D /* NewsIconCollectionViewCell.swift in Sources */ = {isa = PBXBuildFile; fileRef = 7A18BDBC20B8A86600F8D69D /* NewsIconCollectionViewCell.swift */; };
		7AAE253C20B8B762004AC971 /* UIImageExtension.swift in Sources */ = {isa = PBXBuildFile; fileRef = 7AAE253B20B8B762004AC971 /* UIImageExtension.swift */; };
/* End PBXBuildFile section */

/* Begin PBXCopyFilesBuildPhase section */
		7A18BDB020B8A42F00F8D69D /* Embed Frameworks */ = {
			isa = PBXCopyFilesBuildPhase;
			buildActionMask = 2147483647;
			dstPath = "";
			dstSubfolderSpec = 10;
			files = (
			);
			name = "Embed Frameworks";
			runOnlyForDeploymentPostprocessing = 0;
		};
/* End PBXCopyFilesBuildPhase section */

/* Begin PBXFileReference section */
		7A18BD9320B8A35A00F8D69D /* News.app */ = {isa = PBXFileReference; explicitFileType = wrapper.application; includeInIndex = 0; path = News.app; sourceTree = BUILT_PRODUCTS_DIR; };
		7A18BD9620B8A35A00F8D69D /* AppDelegate.swift */ = {isa = PBXFileReference; lastKnownFileType = sourcecode.swift; path = AppDelegate.swift; sourceTree = "<group>"; };
		7A18BD9820B8A35A00F8D69D /* ViewController.swift */ = {isa = PBXFileReference; lastKnownFileType = sourcecode.swift; path = ViewController.swift; sourceTree = "<group>"; };
		7A18BD9B20B8A35A00F8D69D /* Base */ = {isa = PBXFileReference; lastKnownFileType = file.storyboard; name = Base; path = Base.lproj/Main.storyboard; sourceTree = "<group>"; };
		7A18BD9D20B8A35A00F8D69D /* Assets.xcassets */ = {isa = PBXFileReference; lastKnownFileType = folder.assetcatalog; path = Assets.xcassets; sourceTree = "<group>"; };
		7A18BDA020B8A35A00F8D69D /* Base */ = {isa = PBXFileReference; lastKnownFileType = file.storyboard; name = Base; path = Base.lproj/LaunchScreen.storyboard; sourceTree = "<group>"; };
		7A18BDA220B8A35A00F8D69D /* Info.plist */ = {isa = PBXFileReference; lastKnownFileType = text.plist.xml; path = Info.plist; sourceTree = "<group>"; };
		7A18BDBC20B8A86600F8D69D /* NewsIconCollectionViewCell.swift */ = {isa = PBXFileReference; lastKnownFileType = sourcecode.swift; path = NewsIconCollectionViewCell.swift; sourceTree = "<group>"; };
		7AAE253B20B8B762004AC971 /* UIImageExtension.swift */ = {isa = PBXFileReference; lastKnownFileType = sourcecode.swift; path = UIImageExtension.swift; sourceTree = "<group>"; };
/* End PBXFileReference section */

/* Begin PBXFrameworksBuildPhase section */
		7A18BD9020B8A35A00F8D69D /* Frameworks */ = {
			isa = PBXFrameworksBuildPhase;
			buildActionMask = 2147483647;
			files = (
			);
			runOnlyForDeploymentPostprocessing = 0;
		};
/* End PBXFrameworksBuildPhase section */

/* Begin PBXGroup section */
		7A0EAADE20B8B056003D65E3 /* Sources */ = {
			isa = PBXGroup;
			children = (
				7AAE253B20B8B762004AC971 /* UIImageExtension.swift */,
			);
			path = Sources;
			sourceTree = "<group>";
		};
		7A18BD8A20B8A35A00F8D69D = {
			isa = PBXGroup;
			children = (
				7A18BD9520B8A35A00F8D69D /* News */,
				7A18BD9420B8A35A00F8D69D /* Products */,
			);
			sourceTree = "<group>";
		};
		7A18BD9420B8A35A00F8D69D /* Products */ = {
			isa = PBXGroup;
			children = (
				7A18BD9320B8A35A00F8D69D /* News.app */,
			);
			name = Products;
			sourceTree = "<group>";
		};
		7A18BD9520B8A35A00F8D69D /* News */ = {
			isa = PBXGroup;
			children = (
				7A0EAADE20B8B056003D65E3 /* Sources */,
				7A18BDAA20B8A3F000F8D69D /* Services */,
				7A18BD9620B8A35A00F8D69D /* AppDelegate.swift */,
				7A18BD9820B8A35A00F8D69D /* ViewController.swift */,
				7A18BDBB20B8A7B900F8D69D /* Cell */,
				7A18BD9A20B8A35A00F8D69D /* Main.storyboard */,
				7A18BD9D20B8A35A00F8D69D /* Assets.xcassets */,
				7A18BD9F20B8A35A00F8D69D /* LaunchScreen.storyboard */,
				7A18BDA220B8A35A00F8D69D /* Info.plist */,
			);
			path = News;
			sourceTree = "<group>";
		};
		7A18BDAA20B8A3F000F8D69D /* Services */ = {
			isa = PBXGroup;
			children = (
			);
			path = Services;
			sourceTree = "<group>";
		};
		7A18BDBB20B8A7B900F8D69D /* Cell */ = {
			isa = PBXGroup;
			children = (
				7A18BDBC20B8A86600F8D69D /* NewsIconCollectionViewCell.swift */,
			);
			path = Cell;
			sourceTree = "<group>";
		};
/* End PBXGroup section */

/* Begin PBXNativeTarget section */
		7A18BD9220B8A35A00F8D69D /* News */ = {
			isa = PBXNativeTarget;
			buildConfigurationList = 7A18BDA520B8A35A00F8D69D /* Build configuration list for PBXNativeTarget "News" */;
			buildPhases = (
				7A18BD8F20B8A35A00F8D69D /* Sources */,
				7A18BD9020B8A35A00F8D69D /* Frameworks */,
				7A18BD9120B8A35A00F8D69D /* Resources */,
				7A18BDB020B8A42F00F8D69D /* Embed Frameworks */,
			);
			buildRules = (
			);
			dependencies = (
			);
			name = News;
			productName = News;
			productReference = 7A18BD9320B8A35A00F8D69D /* News.app */;
			productType = "com.apple.product-type.application";
		};
/* End PBXNativeTarget section */

/* Begin PBXProject section */
		7A18BD8B20B8A35A00F8D69D /* Project object */ = {
			isa = PBXProject;
			attributes = {
				LastSwiftUpdateCheck = 0920;
				LastUpgradeCheck = 0920;
				ORGANIZATIONNAME = TCS_MX;
				TargetAttributes = {
					7A18BD9220B8A35A00F8D69D = {
						CreatedOnToolsVersion = 9.2;
						ProvisioningStyle = Automatic;
					};
				};
			};
			buildConfigurationList = 7A18BD8E20B8A35A00F8D69D /* Build configuration list for PBXProject "News" */;
			compatibilityVersion = "Xcode 8.0";
			developmentRegion = en;
			hasScannedForEncodings = 0;
			knownRegions = (
				en,
				Base,
			);
			mainGroup = 7A18BD8A20B8A35A00F8D69D;
			productRefGroup = 7A18BD9420B8A35A00F8D69D /* Products */;
			projectDirPath = "";
			projectRoot = "";
			targets = (
				7A18BD9220B8A35A00F8D69D /* News */,
			);
		};
/* End PBXProject section */

/* Begin PBXResourcesBuildPhase section */
		7A18BD9120B8A35A00F8D69D /* Resources */ = {
			isa = PBXResourcesBuildPhase;
			buildActionMask = 2147483647;
			files = (
				7A18BDA120B8A35A00F8D69D /* LaunchScreen.storyboard in Resources */,
				7A18BD9E20B8A35A00F8D69D /* Assets.xcassets in Resources */,
				7A18BD9C20B8A35A00F8D69D /* Main.storyboard in Resources */,
			);
			runOnlyForDeploymentPostprocessing = 0;
		};
/* End PBXResourcesBuildPhase section */

/* Begin PBXSourcesBuildPhase section */
		7A18BD8F20B8A35A00F8D69D /* Sources */ = {
			isa = PBXSourcesBuildPhase;
			buildActionMask = 2147483647;
			files = (
				7A18BD9920B8A35A00F8D69D /* ViewController.swift in Sources */,
				7A18BD9720B8A35A00F8D69D /* AppDelegate.swift in Sources */,
				7A18BDBD20B8A86600F8D69D /* NewsIconCollectionViewCell.swift in Sources */,
				7AAE253C20B8B762004AC971 /* UIImageExtension.swift in Sources */,
			);
			runOnlyForDeploymentPostprocessing = 0;
		};
/* End PBXSourcesBuildPhase section */

/* Begin PBXVariantGroup section */
		7A18BD9A20B8A35A00F8D69D /* Main.storyboard */ = {
			isa = PBXVariantGroup;
			children = (
				7A18BD9B20B8A35A00F8D69D /* Base */,
			);
			name = Main.storyboard;
			sourceTree = "<group>";
		};
		7A18BD9F20B8A35A00F8D69D /* LaunchScreen.storyboard */ = {
			isa = PBXVariantGroup;
			children = (
				7A18BDA020B8A35A00F8D69D /* Base */,
			);
			name = LaunchScreen.storyboard;
			sourceTree = "<group>";
		};
/* End PBXVariantGroup section */

/* Begin XCBuildConfiguration section */
		7A18BDA320B8A35A00F8D69D /* Debug */ = {
			isa = XCBuildConfiguration;
			buildSettings = {
				ALWAYS_SEARCH_USER_PATHS = NO;
				CLANG_ANALYZER_NONNULL = YES;
				CLANG_ANALYZER_NUMBER_OBJECT_CONVERSION = YES_AGGRESSIVE;
				CLANG_CXX_LANGUAGE_STANDARD = "gnu++14";
				CLANG_CXX_LIBRARY = "libc++";
				CLANG_ENABLE_MODULES = YES;
				CLANG_ENABLE_OBJC_ARC = YES;
				CLANG_WARN_BLOCK_CAPTURE_AUTORELEASING = YES;
				CLANG_WARN_BOOL_CONVERSION = YES;
				CLANG_WARN_COMMA = YES;
				CLANG_WARN_CONSTANT_CONVERSION = YES;
				CLANG_WARN_DIRECT_OBJC_ISA_USAGE = YES_ERROR;
				CLANG_WARN_DOCUMENTATION_COMMENTS = YES;
				CLANG_WARN_EMPTY_BODY = YES;
				CLANG_WARN_ENUM_CONVERSION = YES;
				CLANG_WARN_INFINITE_RECURSION = YES;
				CLANG_WARN_INT_CONVERSION = YES;
				CLANG_WARN_NON_LITERAL_NULL_CONVERSION = YES;
				CLANG_WARN_OBJC_LITERAL_CONVERSION = YES;
				CLANG_WARN_OBJC_ROOT_CLASS = YES_ERROR;
				CLANG_WARN_RANGE_LOOP_ANALYSIS = YES;
				CLANG_WARN_STRICT_PROTOTYPES = YES;
				CLANG_WARN_SUSPICIOUS_MOVE = YES;
				CLANG_WARN_UNGUARDED_AVAILABILITY = YES_AGGRESSIVE;
				CLANG_WARN_UNREACHABLE_CODE = YES;
				CLANG_WARN__DUPLICATE_METHOD_MATCH = YES;
				CODE_SIGN_IDENTITY = "iPhone Developer";
				COPY_PHASE_STRIP = NO;
				DEBUG_INFORMATION_FORMAT = dwarf;
				ENABLE_STRICT_OBJC_MSGSEND = YES;
				ENABLE_TESTABILITY = YES;
				GCC_C_LANGUAGE_STANDARD = gnu11;
				GCC_DYNAMIC_NO_PIC = NO;
				GCC_NO_COMMON_BLOCKS = YES;
				GCC_OPTIMIZATION_LEVEL = 0;
				GCC_PREPROCESSOR_DEFINITIONS = (
					"DEBUG=1",
					"$(inherited)",
				);
				GCC_WARN_64_TO_32_BIT_CONVERSION = YES;
				GCC_WARN_ABOUT_RETURN_TYPE = YES_ERROR;
				GCC_WARN_UNDECLARED_SELECTOR = YES;
				GCC_WARN_UNINITIALIZED_AUTOS = YES_AGGRESSIVE;
				GCC_WARN_UNUSED_FUNCTION = YES;
				GCC_WARN_UNUSED_VARIABLE = YES;
				IPHONEOS_DEPLOYMENT_TARGET = 11.2;
				MTL_ENABLE_DEBUG_INFO = YES;
				ONLY_ACTIVE_ARCH = YES;
				SDKROOT = iphoneos;
				SWIFT_ACTIVE_COMPILATION_CONDITIONS = DEBUG;
				SWIFT_OPTIMIZATION_LEVEL = "-Onone";
			};
			name = Debug;
		};
		7A18BDA420B8A35A00F8D69D /* Release */ = {
			isa = XCBuildConfiguration;
			buildSettings = {
				ALWAYS_SEARCH_USER_PATHS = NO;
				CLANG_ANALYZER_NONNULL = YES;
				CLANG_ANALYZER_NUMBER_OBJECT_CONVERSION = YES_AGGRESSIVE;
				CLANG_CXX_LANGUAGE_STANDARD = "gnu++14";
				CLANG_CXX_LIBRARY = "libc++";
				CLANG_ENABLE_MODULES = YES;
				CLANG_ENABLE_OBJC_ARC = YES;
				CLANG_WARN_BLOCK_CAPTURE_AUTORELEASING = YES;
				CLANG_WARN_BOOL_CONVERSION = YES;
				CLANG_WARN_COMMA = YES;
				CLANG_WARN_CONSTANT_CONVERSION = YES;
				CLANG_WARN_DIRECT_OBJC_ISA_USAGE = YES_ERROR;
				CLANG_WARN_DOCUMENTATION_COMMENTS = YES;
				CLANG_WARN_EMPTY_BODY = YES;
				CLANG_WARN_ENUM_CONVERSION = YES;
				CLANG_WARN_INFINITE_RECURSION = YES;
				CLANG_WARN_INT_CONVERSION = YES;
				CLANG_WARN_NON_LITERAL_NULL_CONVERSION = YES;
				CLANG_WARN_OBJC_LITERAL_CONVERSION = YES;
				CLANG_WARN_OBJC_ROOT_CLASS = YES_ERROR;
				CLANG_WARN_RANGE_LOOP_ANALYSIS = YES;
				CLANG_WARN_STRICT_PROTOTYPES = YES;
				CLANG_WARN_SUSPICIOUS_MOVE = YES;
				CLANG_WARN_UNGUARDED_AVAILABILITY = YES_AGGRESSIVE;
				CLANG_WARN_UNREACHABLE_CODE = YES;
				CLANG_WARN__DUPLICATE_METHOD_MATCH = YES;
				CODE_SIGN_IDENTITY = "iPhone Developer";
				COPY_PHASE_STRIP = NO;
				DEBUG_INFORMATION_FORMAT = "dwarf-with-dsym";
				ENABLE_NS_ASSERTIONS = NO;
				ENABLE_STRICT_OBJC_MSGSEND = YES;
				GCC_C_LANGUAGE_STANDARD = gnu11;
				GCC_NO_COMMON_BLOCKS = YES;
				GCC_WARN_64_TO_32_BIT_CONVERSION = YES;
				GCC_WARN_ABOUT_RETURN_TYPE = YES_ERROR;
				GCC_WARN_UNDECLARED_SELECTOR = YES;
				GCC_WARN_UNINITIALIZED_AUTOS = YES_AGGRESSIVE;
				GCC_WARN_UNUSED_FUNCTION = YES;
				GCC_WARN_UNUSED_VARIABLE = YES;
				IPHONEOS_DEPLOYMENT_TARGET = 11.2;
				MTL_ENABLE_DEBUG_INFO = NO;
				SDKROOT = iphoneos;
				SWIFT_OPTIMIZATION_LEVEL = "-Owholemodule";
				VALIDATE_PRODUCT = YES;
			};
			name = Release;
		};
		7A18BDA620B8A35A00F8D69D /* Debug */ = {
			isa = XCBuildConfiguration;
			buildSettings = {
				ASSETCATALOG_COMPILER_APPICON_NAME = AppIcon;
				CODE_SIGN_IDENTITY = "iPhone Distribution";
				"CODE_SIGN_IDENTITY[sdk=iphoneos*]" = "iPhone Developer";
				CODE_SIGN_STYLE = Automatic;
				DEVELOPMENT_TEAM = LSCMPZRY8U;
				FRAMEWORK_SEARCH_PATHS = (
					"$(inherited)",
					"$(PROJECT_DIR)/News/FrameworkProducts",
				);
				INFOPLIST_FILE = News/Info.plist;
				LD_RUNPATH_SEARCH_PATHS = "$(inherited) @executable_path/Frameworks";
				OTHER_LDFLAGS = "-ObjC";
				PRODUCT_BUNDLE_IDENTIFIER = com.nidhin.news;
				PRODUCT_NAME = "$(TARGET_NAME)";
				PROVISIONING_PROFILE = "";
				PROVISIONING_PROFILE_SPECIFIER = "";
				SWIFT_VERSION = 4.0;
				TARGETED_DEVICE_FAMILY = 1;
			};
			name = Debug;
		};
		7A18BDA720B8A35A00F8D69D /* Release */ = {
			isa = XCBuildConfiguration;
			buildSettings = {
				ASSETCATALOG_COMPILER_APPICON_NAME = AppIcon;
				CODE_SIGN_IDENTITY = "iPhone Distribution";
				"CODE_SIGN_IDENTITY[sdk=iphoneos*]" = "iPhone Developer";
				CODE_SIGN_STYLE = Automatic;
				DEVELOPMENT_TEAM = LSCMPZRY8U;
				FRAMEWORK_SEARCH_PATHS = (
					"$(inherited)",
					"$(PROJECT_DIR)/News/FrameworkProducts",
				);
				INFOPLIST_FILE = News/Info.plist;
				LD_RUNPATH_SEARCH_PATHS = "$(inherited) @executable_path/Frameworks";
				OTHER_LDFLAGS = "-ObjC";
				PRODUCT_BUNDLE_IDENTIFIER = com.nidhin.news;
				PRODUCT_NAME = "$(TARGET_NAME)";
				PROVISIONING_PROFILE = "";
				PROVISIONING_PROFILE_SPECIFIER = "";
				SWIFT_VERSION = 4.0;
				TARGETED_DEVICE_FAMILY = 1;
			};
			name = Release;
		};
/* End XCBuildConfiguration section */

/* Begin XCConfigurationList section */
		7A18BD8E20B8A35A00F8D69D /* Build configuration list for PBXProject "News" */ = {
			isa = XCConfigurationList;
			buildConfigurations = (
				7A18BDA320B8A35A00F8D69D /* Debug */,
				7A18BDA420B8A35A00F8D69D /* Release */,
			);
			defaultConfigurationIsVisible = 0;
			defaultConfigurationName = Release;
		};
		7A18BDA520B8A35A00F8D69D /* Build configuration list for PBXNativeTarget "News" */ = {
			isa = XCConfigurationList;
			buildConfigurations = (
				7A18BDA620B8A35A00F8D69D /* Debug */,
				7A18BDA720B8A35A00F8D69D /* Release */,
			);
			defaultConfigurationIsVisible = 0;
			defaultConfigurationName = Release;
		};
/* End XCConfigurationList section */
	};
	rootObject = 7A18BD8B20B8A35A00F8D69D /* Project object */;
}
